{
  "requires": true,
  "lockfileVersion": 1,
  "dependencies": {
    "@prisma/client": {
      "version": "2.13.1",
      "resolved": "https://registry.npmjs.org/@prisma/client/-/client-2.13.1.tgz",
      "integrity": "sha512-aD33DJpVHU3VqwDk5PEgnffbQeilUqmwVgqIxstVEiZ7TSs5oXQjwsSWAEfuvzPsR/rMJdeauAov58WHlMbVVA==",
      "requires": {
        "@prisma/engines-version": "2.13.1-2.fcbc4bb2d306c86c28014f596b1e8c7980af8bd4"
      }
    },
    "@prisma/engines-version": {
      "version": "2.13.1-2.fcbc4bb2d306c86c28014f596b1e8c7980af8bd4",
      "resolved": "https://registry.npmjs.org/@prisma/engines-version/-/engines-version-2.13.1-2.fcbc4bb2d306c86c28014f596b1e8c7980af8bd4.tgz",
      "integrity": "sha512-xMfD9iu03XSTgZqgWYqTnKYfmabjY+U2tj7ClA1WQqLziY0ZGI48tZQpNe6WGzv+6nVss3PpfHfkKlM0kzhZbw=="
    }
  }
}
